
Microsoft Visual Studio Solution File, Format Version 12.00
# Visual Studio Version 17
VisualStudioVersion = 17.3.32819.101
MinimumVisualStudioVersion = 10.0.40219.1
Project("{FAE04EC0-301F-11D3-BF4B-00C04F79EFBC}") = "ADMIN PAGE", "ADMIN PAGE\ADMIN PAGE.csproj", "{AB536BE7-A310-4F4A-B07C-99E7055159DC}"
EndProject
Global
	GlobalSection(SolutionConfigurationPlatforms) = preSolution
		Debug|Any CPU = Debug|Any CPU
		Release|Any CPU = Release|Any CPU
	EndGlobalSection
	GlobalSection(ProjectConfigurationPlatforms) = postSolution
		{AB536BE7-A310-4F4A-B07C-99E7055159DC}.Debug|Any CPU.ActiveCfg = Debug|Any CPU
		{AB536BE7-A310-4F4A-B07C-99E7055159DC}.Debug|Any CPU.Build.0 = Debug|Any CPU
		{AB536BE7-A310-4F4A-B07C-99E7055159DC}.Release|Any CPU.ActiveCfg = Release|Any CPU
		{AB536BE7-A310-4F4A-B07C-99E7055159DC}.Release|Any CPU.Build.0 = Release|Any CPU
	EndGlobalSection
	GlobalSection(SolutionProperties) = preSolution
		HideSolutionNode = FALSE
	EndGlobalSection
	GlobalSection(ExtensibilityGlobals) = postSolution
		SolutionGuid = {8A6B1E1B-CDED-4DF0-B85E-80C67E489F3C}
	EndGlobalSection
EndGlobal
